# THIS IS AN AUTOGENERATED FILE. DO NOT EDIT THIS FILE DIRECTLY.
# yarn lockfile v1


"@aftercss/parser@^0.1.7":
  version "0.1.7"
  resolved "http://registry.npm.taobao.org/@aftercss/parser/download/@aftercss/parser-0.1.7.tgz#0ae7e5f08a181f213ae8507d48c160466c0c48c2"
  dependencies:
    "@aftercss/shared" "^0.1.7"
    "@aftercss/tokenizer" "^0.1.7"

"@aftercss/shared@^0.1.7":
  version "0.1.7"
  resolved "http://registry.npm.taobao.org/@aftercss/shared/download/@aftercss/shared-0.1.7.tgz#e46f0bbdeb68e973803a438a207d444375c5398a"
  dependencies:
    "@babel/code-frame" "^7.0.0"
    locate-character "^2.0.5"

"@aftercss/tokenizer@^0.1.7":
  version "0.1.7"
  resolved "http://registry.npm.taobao.org/@aftercss/tokenizer/download/@aftercss/tokenizer-0.1.7.tgz#d3274a17de6149073c422455aa13d2ddc7213306"
  dependencies:
    "@aftercss/shared" "^0.1.7"
    locate-character "^2.0.5"
    source-map "^0.7.3"

"@ant-design/icons-react@~1.1.2":
  version "1.1.2"
  resolved "http://registry.npm.taobao.org/@ant-design/icons-react/download/@ant-design/icons-react-1.1.2.tgz#df25c4560864f8a3b687b305c3238daff048ed72"
  dependencies:
    ant-design-palettes "^1.1.3"
    babel-runtime "^6.26.0"

"@ant-design/icons@~1.1.16":
  version "1.1.16"
  resolved "http://registry.npm.taobao.org/@ant-design/icons/download/@ant-design/icons-1.1.16.tgz#ac6426216934e3f4bc108f2f48f92ed66789235e"

"@babel/code-frame@^7.0.0":
  version "7.0.0"
  resolved "http://registry.npm.taobao.org/@babel/code-frame/download/@babel/code-frame-7.0.0.tgz#06e2ab19bdb535385559aabb5ba59729482800f8"
  dependencies:
    "@babel/highlight" "^7.0.0"

"@babel/highlight@^7.0.0":
  version "7.0.0"
  resolved "http://registry.npm.taobao.org/@babel/highlight/download/@babel/highlight-7.0.0.tgz#f710c38c8d458e6dd9a201afb637fcb781ce99e4"
  dependencies:
    chalk "^2.0.0"
    esutils "^2.0.2"
    js-tokens "^4.0.0"

"@types/prop-types@*":
  version "15.5.8"
  resolved "http://registry.npm.taobao.org/@types/prop-types/download/@types/prop-types-15.5.8.tgz#8ae4e0ea205fe95c3901a5a1df7f66495e3a56ce"

"@types/react-dom@^16.8.0":
  version "16.8.0"
  resolved "http://registry.npm.taobao.org/@types/react-dom/download/@types/react-dom-16.8.0.tgz#c565f43f9d2ec911f9e0b8f3b74e25e67879aa3f"
  dependencies:
    "@types/react" "*"

"@types/react@*", "@types/react@^16.8.2":
  version "16.8.2"
  resolved "http://registry.npm.taobao.org/@types/react/download/@types/react-16.8.2.tgz#3b7a7f7ea89d1c7d68b00849fb5de839011c077b"
  dependencies:
    "@types/prop-types" "*"
    csstype "^2.2.0"

add-dom-event-listener@^1.1.0:
  version "1.1.0"
  resolved "http://registry.npm.taobao.org/add-dom-event-listener/download/add-dom-event-listener-1.1.0.tgz#6a92db3a0dd0abc254e095c0f1dc14acbbaae310"
  dependencies:
    object-assign "4.x"

ajv-keywords@^3.1.0:
  version "3.3.0"
  resolved "http://registry.npm.taobao.org/ajv-keywords/download/ajv-keywords-3.3.0.tgz#cb6499da9b83177af8bc1732b2f0a1a1a3aacf8c"

ajv@^6.1.0:
  version "6.8.1"
  resolved "http://registry.npm.taobao.org/ajv/download/ajv-6.8.1.tgz#0890b93742985ebf8973cd365c5b23920ce3cb20"
  dependencies:
    fast-deep-equal "^2.0.1"
    fast-json-stable-stringify "^2.0.0"
    json-schema-traverse "^0.4.1"
    uri-js "^4.2.2"

ansi-styles@^3.2.1:
  version "3.2.1"
  resolved "http://registry.npm.taobao.org/ansi-styles/download/ansi-styles-3.2.1.tgz#41fbb20243e50b12be0f04b8dedbf07520ce841d"
  dependencies:
    color-convert "^1.9.0"

ant-design-palettes@^1.1.3:
  version "1.1.3"
  resolved "http://registry.npm.taobao.org/ant-design-palettes/download/ant-design-palettes-1.1.3.tgz#84119b1a4d86363adc52a38d587e65336a0a27dd"
  dependencies:
    tinycolor2 "^1.4.1"

antd@^3.13.2:
  version "3.13.2"
  resolved "http://registry.npm.taobao.org/antd/download/antd-3.13.2.tgz#66541c58a9009c54dfe09f5a374863c6783f30f9"
  dependencies:
    "@ant-design/icons" "~1.1.16"
    "@ant-design/icons-react" "~1.1.2"
    array-tree-filter "^2.1.0"
    babel-runtime "6.x"
    classnames "~2.2.6"
    create-react-class "^15.6.3"
    create-react-context "0.2.2"
    css-animation "^1.5.0"
    dom-closest "^0.2.0"
    enquire.js "^2.1.6"
    lodash "^4.17.11"
    moment "^2.24.0"
    omit.js "^1.0.0"
    prop-types "^15.6.2"
    raf "^3.4.0"
    rc-animate "^2.5.4"
    rc-calendar "~9.10.3"
    rc-cascader "~0.17.0"
    rc-checkbox "~2.1.5"
    rc-collapse "~1.10.2"
    rc-dialog "~7.3.0"
    rc-drawer "~1.7.6"
    rc-dropdown "~2.4.1"
    rc-editor-mention "^1.1.7"
    rc-form "^2.4.0"
    rc-input-number "~4.3.7"
    rc-menu "~7.4.12"
    rc-notification "~3.3.0"
    rc-pagination "~1.17.7"
    rc-progress "~2.3.0"
    rc-rate "~2.5.0"
    rc-select "^8.6.7"
    rc-slider "~8.6.5"
    rc-steps "~3.3.0"
    rc-switch "~1.9.0"
    rc-table "~6.4.0"
    rc-tabs "~9.6.0"
    rc-time-picker "~3.6.1"
    rc-tooltip "~3.7.3"
    rc-tree "~1.14.6"
    rc-tree-select "~2.5.0"
    rc-trigger "^2.6.2"
    rc-upload "~2.6.0"
    rc-util "^4.5.1"
    react-lazy-load "^3.0.13"
    react-lifecycles-compat "^3.0.4"
    react-slick "~0.23.2"
    resize-observer-polyfill "^1.5.0"
    shallowequal "^1.1.0"
    warning "~4.0.2"

array-tree-filter@^2.1.0:
  version "2.1.0"
  resolved "http://registry.npm.taobao.org/array-tree-filter/download/array-tree-filter-2.1.0.tgz#873ac00fec83749f255ac8dd083814b4f6329190"

asap@~2.0.3:
  version "2.0.6"
  resolved "http://registry.npm.taobao.org/asap/download/asap-2.0.6.tgz#e50347611d7e690943208bbdafebcbc2fb866d46"

async-validator@~1.8.5:
  version "1.8.5"
  resolved "http://registry.npm.taobao.org/async-validator/download/async-validator-1.8.5.tgz#dc3e08ec1fd0dddb67e60842f02c0cd1cec6d7f0"
  dependencies:
    babel-runtime "6.x"

babel-runtime@6.x, babel-runtime@^6.23.0, babel-runtime@^6.26.0:
  version "6.26.0"
  resolved "http://registry.npm.taobao.org/babel-runtime/download/babel-runtime-6.26.0.tgz#965c7058668e82b55d7bfe04ff2337bc8b5647fe"
  dependencies:
    core-js "^2.4.0"
    regenerator-runtime "^0.11.0"

big.js@^5.2.2:
  version "5.2.2"
  resolved "http://registry.npm.taobao.org/big.js/download/big.js-5.2.2.tgz#65f0af382f578bcdc742bd9c281e9cb2d7768328"

chalk@^2.0.0, chalk@^2.4.2:
  version "2.4.2"
  resolved "http://registry.npm.taobao.org/chalk/download/chalk-2.4.2.tgz#cd42541677a54333cf541a49108c1432b44c9424"
  dependencies:
    ansi-styles "^3.2.1"
    escape-string-regexp "^1.0.5"
    supports-color "^5.3.0"

classnames@2.x, classnames@^2.2.0, classnames@^2.2.1, classnames@^2.2.3, classnames@^2.2.5, classnames@^2.2.6, classnames@~2.2.6:
  version "2.2.6"
  resolved "http://registry.npm.taobao.org/classnames/download/classnames-2.2.6.tgz#43935bffdd291f326dad0a205309b38d00f650ce"

color-convert@^1.9.0:
  version "1.9.3"
  resolved "http://registry.npm.taobao.org/color-convert/download/color-convert-1.9.3.tgz#bb71850690e1f136567de629d2d5471deda4c1e8"
  dependencies:
    color-name "1.1.3"

color-name@1.1.3:
  version "1.1.3"
  resolved "http://registry.npm.taobao.org/color-name/download/color-name-1.1.3.tgz#a7d0558bd89c42f795dd42328f740831ca53bc25"

component-classes@1.x, component-classes@^1.2.5, component-classes@^1.2.6:
  version "1.2.6"
  resolved "http://registry.npm.taobao.org/component-classes/download/component-classes-1.2.6.tgz#c642394c3618a4d8b0b8919efccbbd930e5cd691"
  dependencies:
    component-indexof "0.0.3"

component-indexof@0.0.3:
  version "0.0.3"
  resolved "http://registry.npm.taobao.org/component-indexof/download/component-indexof-0.0.3.tgz#11d091312239eb8f32c8f25ae9cb002ffe8d3c24"

core-js@^1.0.0:
  version "1.2.7"
  resolved "http://registry.npm.taobao.org/core-js/download/core-js-1.2.7.tgz#652294c14651db28fa93bd2d5ff2983a4f08c636"

core-js@^2.4.0:
  version "2.6.3"
  resolved "http://registry.npm.taobao.org/core-js/download/core-js-2.6.3.tgz#4b70938bdffdaf64931e66e2db158f0892289c49"

create-react-class@^15.5.3, create-react-class@^15.6.3:
  version "15.6.3"
  resolved "http://registry.npm.taobao.org/create-react-class/download/create-react-class-15.6.3.tgz#2d73237fb3f970ae6ebe011a9e66f46dbca80036"
  dependencies:
    fbjs "^0.8.9"
    loose-envify "^1.3.1"
    object-assign "^4.1.1"

create-react-context@0.2.2:
  version "0.2.2"
  resolved "http://registry.npm.taobao.org/create-react-context/download/create-react-context-0.2.2.tgz#9836542f9aaa22868cd7d4a6f82667df38019dca"
  dependencies:
    fbjs "^0.8.0"
    gud "^1.0.0"

css-animation@1.x, css-animation@^1.3.2, css-animation@^1.5.0:
  version "1.5.0"
  resolved "http://registry.npm.taobao.org/css-animation/download/css-animation-1.5.0.tgz#c96b9097a5ef74a7be8480b45cc44e4ec6ca2bf5"
  dependencies:
    babel-runtime "6.x"
    component-classes "^1.2.5"

csstype@^2.2.0:
  version "2.6.2"
  resolved "http://registry.npm.taobao.org/csstype/download/csstype-2.6.2.tgz#3043d5e065454579afc7478a18de41909c8a2f01"

dom-align@^1.7.0:
  version "1.8.0"
  resolved "http://registry.npm.taobao.org/dom-align/download/dom-align-1.8.0.tgz#c0e89b5b674c6e836cd248c52c2992135f093654"

dom-closest@^0.2.0:
  version "0.2.0"
  resolved "http://registry.npm.taobao.org/dom-closest/download/dom-closest-0.2.0.tgz#ebd9f91d1bf22e8d6f477876bbcd3ec90216c0cf"
  dependencies:
    dom-matches ">=1.0.1"

dom-matches@>=1.0.1:
  version "2.0.0"
  resolved "http://registry.npm.taobao.org/dom-matches/download/dom-matches-2.0.0.tgz#d2728b416a87533980eb089b848d253cf23a758c"

dom-scroll-into-view@1.x, dom-scroll-into-view@^1.2.0:
  version "1.2.1"
  resolved "http://registry.npm.taobao.org/dom-scroll-into-view/download/dom-scroll-into-view-1.2.1.tgz#e8f36732dd089b0201a88d7815dc3f88e6d66c7e"

draft-js@^0.10.0, draft-js@~0.10.0:
  version "0.10.5"
  resolved "http://registry.npm.taobao.org/draft-js/download/draft-js-0.10.5.tgz#bfa9beb018fe0533dbb08d6675c371a6b08fa742"
  dependencies:
    fbjs "^0.8.15"
    immutable "~3.7.4"
    object-assign "^4.1.0"

emojis-list@^2.0.0:
  version "2.1.0"
  resolved "http://registry.npm.taobao.org/emojis-list/download/emojis-list-2.1.0.tgz#4daa4d9db00f9819880c79fa457ae5b09a1fd389"

encoding@^0.1.11:
  version "0.1.12"
  resolved "http://registry.npm.taobao.org/encoding/download/encoding-0.1.12.tgz#538b66f3ee62cd1ab51ec323829d1f9480c74beb"
  dependencies:
    iconv-lite "~0.4.13"

enquire.js@^2.1.6:
  version "2.1.6"
  resolved "http://registry.npm.taobao.org/enquire.js/download/enquire.js-2.1.6.tgz#3e8780c9b8b835084c3f60e166dbc3c2a3c89814"

escape-string-regexp@^1.0.5:
  version "1.0.5"
  resolved "http://registry.npm.taobao.org/escape-string-regexp/download/escape-string-regexp-1.0.5.tgz#1b61c0562190a8dff6ae3bb2cf0200ca130b86d4"

esutils@^2.0.2:
  version "2.0.2"
  resolved "http://registry.npm.taobao.org/esutils/download/esutils-2.0.2.tgz#0abf4f1caa5bcb1f7a9d8acc6dea4faaa04bac9b"

eventlistener@0.0.1:
  version "0.0.1"
  resolved "http://registry.npm.taobao.org/eventlistener/download/eventlistener-0.0.1.tgz#ed2baabb852227af2bcf889152c72c63ca532eb8"

fast-deep-equal@^2.0.1:
  version "2.0.1"
  resolved "http://registry.npm.taobao.org/fast-deep-equal/download/fast-deep-equal-2.0.1.tgz#7b05218ddf9667bf7f370bf7fdb2cb15fdd0aa49"

fast-json-stable-stringify@^2.0.0:
  version "2.0.0"
  resolved "http://registry.npm.taobao.org/fast-json-stable-stringify/download/fast-json-stable-stringify-2.0.0.tgz#d5142c0caee6b1189f87d3a76111064f86c8bbf2"

fbjs@^0.8.0, fbjs@^0.8.15, fbjs@^0.8.16, fbjs@^0.8.9:
  version "0.8.17"
  resolved "http://registry.npm.taobao.org/fbjs/download/fbjs-0.8.17.tgz#c4d598ead6949112653d6588b01a5cdcd9f90fdd"
  dependencies:
    core-js "^1.0.0"
    isomorphic-fetch "^2.1.1"
    loose-envify "^1.0.0"
    object-assign "^4.1.0"
    promise "^7.1.1"
    setimmediate "^1.0.5"
    ua-parser-js "^0.7.18"

gud@^1.0.0:
  version "1.0.0"
  resolved "http://registry.npm.taobao.org/gud/download/gud-1.0.0.tgz#a489581b17e6a70beca9abe3ae57de7a499852c0"

hammerjs@^2.0.8:
  version "2.0.8"
  resolved "http://registry.npm.taobao.org/hammerjs/download/hammerjs-2.0.8.tgz#04ef77862cff2bb79d30f7692095930222bf60f1"

has-flag@^3.0.0:
  version "3.0.0"
  resolved "http://registry.npm.taobao.org/has-flag/download/has-flag-3.0.0.tgz#b5d454dc2199ae225699f3467e5a07f3b955bafd"

hoist-non-react-statics@^2.3.1:
  version "2.5.5"
  resolved "http://registry.npm.taobao.org/hoist-non-react-statics/download/hoist-non-react-statics-2.5.5.tgz#c5903cf409c0dfd908f388e619d86b9c1174cb47"

iconv-lite@~0.4.13:
  version "0.4.24"
  resolved "http://registry.npm.taobao.org/iconv-lite/download/iconv-lite-0.4.24.tgz#2022b4b25fbddc21d2f524974a474aafe733908b"
  dependencies:
    safer-buffer ">= 2.1.2 < 3"

immutable@^3.7.4:
  version "3.8.2"
  resolved "http://registry.npm.taobao.org/immutable/download/immutable-3.8.2.tgz#c2439951455bb39913daf281376f1530e104adf3"

immutable@~3.7.4:
  version "3.7.6"
  resolved "http://registry.npm.taobao.org/immutable/download/immutable-3.7.6.tgz#13b4d3cb12befa15482a26fe1b2ebae640071e4b"

is-negative-zero@^2.0.0:
  version "2.0.0"
  resolved "http://registry.npm.taobao.org/is-negative-zero/download/is-negative-zero-2.0.0.tgz#9553b121b0fac28869da9ed459e20c7543788461"

is-stream@^1.0.1:
  version "1.1.0"
  resolved "http://registry.npm.taobao.org/is-stream/download/is-stream-1.1.0.tgz#12d4a3dd4e68e0b79ceb8dbc84173ae80d91ca44"

ismobilejs@^0.5.1:
  version "0.5.1"
  resolved "http://registry.npm.taobao.org/ismobilejs/download/ismobilejs-0.5.1.tgz#0e3f825e29e32f84ad5ddbb60e9e04a894046488"

isomorphic-fetch@^2.1.1:
  version "2.2.1"
  resolved "http://registry.npm.taobao.org/isomorphic-fetch/download/isomorphic-fetch-2.2.1.tgz#611ae1acf14f5e81f729507472819fe9733558a9"
  dependencies:
    node-fetch "^1.0.1"
    whatwg-fetch ">=0.10.0"

"js-tokens@^3.0.0 || ^4.0.0", js-tokens@^4.0.0:
  version "4.0.0"
  resolved "http://registry.npm.taobao.org/js-tokens/download/js-tokens-4.0.0.tgz#19203fb59991df98e3a287050d4647cdeaf32499"

json-schema-traverse@^0.4.1:
  version "0.4.1"
  resolved "http://registry.npm.taobao.org/json-schema-traverse/download/json-schema-traverse-0.4.1.tgz#69f6a87d9513ab8bb8fe63bdb0979c448e684660"

json2mq@^0.2.0:
  version "0.2.0"
  resolved "http://registry.npm.taobao.org/json2mq/download/json2mq-0.2.0.tgz#b637bd3ba9eabe122c83e9720483aeb10d2c904a"
  dependencies:
    string-convert "^0.2.0"

json5@^1.0.1:
  version "1.0.1"
  resolved "http://registry.npm.taobao.org/json5/download/json5-1.0.1.tgz#779fb0018604fa854eacbf6252180d83543e3dbe"
  dependencies:
    minimist "^1.2.0"

loader-utils@^1.0.0:
  version "1.2.3"
  resolved "http://registry.npm.taobao.org/loader-utils/download/loader-utils-1.2.3.tgz#1ff5dc6911c9f0a062531a4c04b609406108c2c7"
  dependencies:
    big.js "^5.2.2"
    emojis-list "^2.0.0"
    json5 "^1.0.1"

locate-character@^2.0.5:
  version "2.0.5"
  resolved "http://registry.npm.taobao.org/locate-character/download/locate-character-2.0.5.tgz#f2d2614d49820ecb3c92d80d193b8db755f74c0f"

lodash._getnative@^3.0.0:
  version "3.9.1"
  resolved "http://registry.npm.taobao.org/lodash._getnative/download/lodash._getnative-3.9.1.tgz#570bc7dede46d61cdcde687d65d3eecbaa3aaff5"

lodash.debounce@^4.0.0, lodash.debounce@^4.0.8:
  version "4.0.8"
  resolved "http://registry.npm.taobao.org/lodash.debounce/download/lodash.debounce-4.0.8.tgz#82d79bff30a67c4005ffd5e2515300ad9ca4d7af"

lodash.isarguments@^3.0.0:
  version "3.1.0"
  resolved "http://registry.npm.taobao.org/lodash.isarguments/download/lodash.isarguments-3.1.0.tgz#2f573d85c6a24289ff00663b491c1d338ff3458a"

lodash.isarray@^3.0.0:
  version "3.0.4"
  resolved "http://registry.npm.taobao.org/lodash.isarray/download/lodash.isarray-3.0.4.tgz#79e4eb88c36a8122af86f844aa9bcd851b5fbb55"

lodash.keys@^3.1.2:
  version "3.1.2"
  resolved "http://registry.npm.taobao.org/lodash.keys/download/lodash.keys-3.1.2.tgz#4dbc0472b156be50a0b286855d1bd0b0c656098a"
  dependencies:
    lodash._getnative "^3.0.0"
    lodash.isarguments "^3.0.0"
    lodash.isarray "^3.0.0"

lodash.throttle@^4.0.0:
  version "4.1.1"
  resolved "http://registry.npm.taobao.org/lodash.throttle/download/lodash.throttle-4.1.1.tgz#c23e91b710242ac70c37f1e1cda9274cc39bf2f4"

lodash@^4.16.5, lodash@^4.17.11, lodash@^4.17.4, lodash@^4.17.5:
  version "4.17.11"
  resolved "http://registry.npm.taobao.org/lodash/download/lodash-4.17.11.tgz#b39ea6229ef607ecd89e2c8df12536891cac9b8d"

loose-envify@^1.0.0, loose-envify@^1.1.0, loose-envify@^1.3.1:
  version "1.4.0"
  resolved "http://registry.npm.taobao.org/loose-envify/download/loose-envify-1.4.0.tgz#71ee51fa7be4caec1a63839f7e682d8132d30caf"
  dependencies:
    js-tokens "^3.0.0 || ^4.0.0"

mini-store@^2.0.0:
  version "2.0.0"
  resolved "http://registry.npm.taobao.org/mini-store/download/mini-store-2.0.0.tgz#0843c048d6942ce55e3e78b1b67fc063022b5488"
  dependencies:
    hoist-non-react-statics "^2.3.1"
    prop-types "^15.6.0"
    react-lifecycles-compat "^3.0.4"
    shallowequal "^1.0.2"

minimist@^1.2.0:
  version "1.2.0"
  resolved "http://registry.npm.taobao.org/minimist/download/minimist-1.2.0.tgz#a35008b20f41383eec1fb914f4cd5df79a264284"

moment@2.x, moment@^2.24.0:
  version "2.24.0"
  resolved "http://registry.npm.taobao.org/moment/download/moment-2.24.0.tgz#0d055d53f5052aa653c9f6eb68bb5d12bf5c2b5b"

monaco-editor@^0.15.6:
  version "0.15.6"
  resolved "http://registry.npm.taobao.org/monaco-editor/download/monaco-editor-0.15.6.tgz#d63b3b06f86f803464f003b252627c3eb4a09483"

mutationobserver-shim@^0.3.2:
  version "0.3.3"
  resolved "http://registry.npm.taobao.org/mutationobserver-shim/download/mutationobserver-shim-0.3.3.tgz#65869630bc89d7bf8c9cd9cb82188cd955aacd2b"

node-fetch@^1.0.1:
  version "1.7.3"
  resolved "http://registry.npm.taobao.org/node-fetch/download/node-fetch-1.7.3.tgz#980f6f72d85211a5347c6b2bc18c5b84c3eb47ef"
  dependencies:
    encoding "^0.1.11"
    is-stream "^1.0.1"

object-assign@4.x, object-assign@^4.1.0, object-assign@^4.1.1:
  version "4.1.1"
  resolved "http://registry.npm.taobao.org/object-assign/download/object-assign-4.1.1.tgz#2109adc7965887cfc05cbbd442cac8bfbb360863"

omit.js@^1.0.0:
  version "1.0.0"
  resolved "http://registry.npm.taobao.org/omit.js/download/omit.js-1.0.0.tgz#e013cb86a7517b9cf6f7cfb0ddb4297256a99288"
  dependencies:
    babel-runtime "^6.23.0"

performance-now@^2.1.0:
  version "2.1.0"
  resolved "http://registry.npm.taobao.org/performance-now/download/performance-now-2.1.0.tgz#6309f4e0e5fa913ec1c69307ae364b4b377c9e7b"

postcss@^7.0.14:
  version "7.0.14"
  resolved "http://registry.npm.taobao.org/postcss/download/postcss-7.0.14.tgz#4527ed6b1ca0d82c53ce5ec1a2041c2346bbd6e5"
  dependencies:
    chalk "^2.4.2"
    source-map "^0.6.1"
    supports-color "^6.1.0"

prettier@^1.14.3:
  version "1.16.4"
  resolved "http://registry.npm.taobao.org/prettier/download/prettier-1.16.4.tgz#73e37e73e018ad2db9c76742e2647e21790c9717"

promise@^7.1.1:
  version "7.3.1"
  resolved "http://registry.npm.taobao.org/promise/download/promise-7.3.1.tgz#064b72602b18f90f29192b8b1bc418ffd1ebd3bf"
  dependencies:
    asap "~2.0.3"

prop-types@15.x, prop-types@^15.5.0, prop-types@^15.5.10, prop-types@^15.5.4, prop-types@^15.5.6, prop-types@^15.5.7, prop-types@^15.5.8, prop-types@^15.5.9, prop-types@^15.6.0, prop-types@^15.6.2:
  version "15.6.2"
  resolved "http://registry.npm.taobao.org/prop-types/download/prop-types-15.6.2.tgz#05d5ca77b4453e985d60fc7ff8c859094a497102"
  dependencies:
    loose-envify "^1.3.1"
    object-assign "^4.1.1"

punycode@^2.1.0:
  version "2.1.1"
  resolved "http://registry.npm.taobao.org/punycode/download/punycode-2.1.1.tgz#b58b010ac40c22c5657616c8d2c2c02c7bf479ec"

raf@^3.4.0, raf@^3.4.1:
  version "3.4.1"
  resolved "http://registry.npm.taobao.org/raf/download/raf-3.4.1.tgz#0742e99a4a6552f445d73e3ee0328af0ff1ede39"
  dependencies:
    performance-now "^2.1.0"

rc-align@^2.4.0, rc-align@^2.4.1:
  version "2.4.3"
  resolved "http://registry.npm.taobao.org/rc-align/download/rc-align-2.4.3.tgz#b9b3c2a6d68adae71a8e1d041cd5e3b2a655f99a"
  dependencies:
    babel-runtime "^6.26.0"
    dom-align "^1.7.0"
    prop-types "^15.5.8"
    rc-util "^4.0.4"

rc-animate@2.x, rc-animate@^2.3.0, rc-animate@^2.5.4:
  version "2.6.0"
  resolved "http://registry.npm.taobao.org/rc-animate/download/rc-animate-2.6.0.tgz#ca8440d042781af7a1329d84f97ea94794c5ec15"
  dependencies:
    babel-runtime "6.x"
    classnames "^2.2.6"
    css-animation "^1.3.2"
    prop-types "15.x"
    raf "^3.4.0"
    react-lifecycles-compat "^3.0.4"

rc-animate@^3.0.0-rc.1, rc-animate@^3.0.0-rc.4, rc-animate@^3.0.0-rc.5:
  version "3.0.0-rc.6"
  resolved "http://registry.npm.taobao.org/rc-animate/download/rc-animate-3.0.0-rc.6.tgz#04288eefa118e0cae214536c8a903ffaac1bc3fb"
  dependencies:
    babel-runtime "6.x"
    classnames "^2.2.5"
    component-classes "^1.2.6"
    fbjs "^0.8.16"
    prop-types "15.x"
    raf "^3.4.0"
    rc-util "^4.5.0"
    react-lifecycles-compat "^3.0.4"

rc-calendar@~9.10.3:
  version "9.10.8"
  resolved "http://registry.npm.taobao.org/rc-calendar/download/rc-calendar-9.10.8.tgz#cea23f9083daaf8126c18e6c9312b4482b1dfcc8"
  dependencies:
    babel-runtime "6.x"
    classnames "2.x"
    moment "2.x"
    prop-types "^15.5.8"
    rc-trigger "^2.2.0"
    rc-util "^4.1.1"
    react-lifecycles-compat "^3.0.4"

rc-cascader@~0.17.0:
  version "0.17.1"
  resolved "http://registry.npm.taobao.org/rc-cascader/download/rc-cascader-0.17.1.tgz#914481c3370b5fd8f82e4f9df9b6596dfeda14d5"
  dependencies:
    array-tree-filter "^2.1.0"
    prop-types "^15.5.8"
    rc-trigger "^2.2.0"
    rc-util "^4.0.4"
    react-lifecycles-compat "^3.0.4"
    shallow-equal "^1.0.0"
    warning "^4.0.1"

rc-checkbox@~2.1.5:
  version "2.1.6"
  resolved "http://registry.npm.taobao.org/rc-checkbox/download/rc-checkbox-2.1.6.tgz#5dc00653e5277018c431fec55e38b91c1f976e90"
  dependencies:
    babel-runtime "^6.23.0"
    classnames "2.x"
    prop-types "15.x"
    rc-util "^4.0.4"

rc-collapse@~1.10.2:
  version "1.10.3"
  resolved "http://registry.npm.taobao.org/rc-collapse/download/rc-collapse-1.10.3.tgz#a223198b465c8badfa9c0bdf61d6294bdf382f66"
  dependencies:
    classnames "2.x"
    css-animation "1.x"
    prop-types "^15.5.6"
    rc-animate "2.x"
    react-is "^16.7.0"
    shallowequal "^1.1.0"

rc-dialog@~7.3.0:
  version "7.3.0"
  resolved "http://registry.npm.taobao.org/rc-dialog/download/rc-dialog-7.3.0.tgz#d5b8c4bb4f4b2ac38bb5a839ab9e255b8a88b1ac"
  dependencies:
    babel-runtime "6.x"
    rc-animate "2.x"
    rc-util "^4.4.0"

rc-drawer@~1.7.6:
  version "1.7.7"
  resolved "http://registry.npm.taobao.org/rc-drawer/download/rc-drawer-1.7.7.tgz#b014d1de52457c85c4f3e1f0d647a54031dd260c"
  dependencies:
    babel-runtime "6.x"
    classnames "^2.2.5"
    prop-types "^15.5.0"
    rc-util "^4.5.1"

rc-dropdown@~2.4.1:
  version "2.4.1"
  resolved "http://registry.npm.taobao.org/rc-dropdown/download/rc-dropdown-2.4.1.tgz#aaef6eb3a5152cdd9982895c2a78d9b5f046cdec"
  dependencies:
    babel-runtime "^6.26.0"
    classnames "^2.2.6"
    prop-types "^15.5.8"
    rc-trigger "^2.5.1"
    react-lifecycles-compat "^3.0.2"

rc-editor-core@~0.8.3:
  version "0.8.8"
  resolved "http://registry.npm.taobao.org/rc-editor-core/download/rc-editor-core-0.8.8.tgz#331034cb8d50df218839fb399cdfb2a913e71630"
  dependencies:
    babel-runtime "^6.26.0"
    classnames "^2.2.5"
    draft-js "^0.10.0"
    immutable "^3.7.4"
    lodash "^4.16.5"
    prop-types "^15.5.8"
    setimmediate "^1.0.5"

rc-editor-mention@^1.1.7:
  version "1.1.12"
  resolved "http://registry.npm.taobao.org/rc-editor-mention/download/rc-editor-mention-1.1.12.tgz#896bcb172112f18812e96fdd33ba603c0fc7306a"
  dependencies:
    babel-runtime "^6.23.0"
    classnames "^2.2.5"
    dom-scroll-into-view "^1.2.0"
    draft-js "~0.10.0"
    immutable "^3.7.4"
    prop-types "^15.5.8"
    rc-animate "^2.3.0"
    rc-editor-core "~0.8.3"

rc-form@^2.4.0:
  version "2.4.1"
  resolved "http://registry.npm.taobao.org/rc-form/download/rc-form-2.4.1.tgz#b1685533d13cbdf2a2ba2051ebdc30f3d9c3a8dd"
  dependencies:
    async-validator "~1.8.5"
    babel-runtime "6.x"
    create-react-class "^15.5.3"
    dom-scroll-into-view "1.x"
    hoist-non-react-statics "^2.3.1"
    lodash "^4.17.4"
    warning "^3.0.0"

rc-hammerjs@~0.6.0:
  version "0.6.9"
  resolved "http://registry.npm.taobao.org/rc-hammerjs/download/rc-hammerjs-0.6.9.tgz#9a4ddbda1b2ec8f9b9596091a6a989842a243907"
  dependencies:
    babel-runtime "6.x"
    hammerjs "^2.0.8"
    prop-types "^15.5.9"

rc-input-number@~4.3.7:
  version "4.3.9"
  resolved "http://registry.npm.taobao.org/rc-input-number/download/rc-input-number-4.3.9.tgz#35994556ebda84b7e6b1fb479784844b6b4a738a"
  dependencies:
    babel-runtime "6.x"
    classnames "^2.2.0"
    is-negative-zero "^2.0.0"
    prop-types "^15.5.7"
    rc-util "^4.5.1"
    rmc-feedback "^2.0.0"

rc-menu@^7.3.0, rc-menu@~7.4.12:
  version "7.4.21"
  resolved "http://registry.npm.taobao.org/rc-menu/download/rc-menu-7.4.21.tgz#8a728afd8db81312c913511b6502d9de596d72fd"
  dependencies:
    babel-runtime "6.x"
    classnames "2.x"
    dom-scroll-into-view "1.x"
    ismobilejs "^0.5.1"
    mini-store "^2.0.0"
    mutationobserver-shim "^0.3.2"
    prop-types "^15.5.6"
    rc-animate "2.x"
    rc-trigger "^2.3.0"
    rc-util "^4.1.0"
    resize-observer-polyfill "^1.5.0"

rc-notification@~3.3.0:
  version "3.3.0"
  resolved "http://registry.npm.taobao.org/rc-notification/download/rc-notification-3.3.0.tgz#af74fe7fc9ee4040eaa5e72dbd6d4088a3ecae2d"
  dependencies:
    babel-runtime "6.x"
    classnames "2.x"
    prop-types "^15.5.8"
    rc-animate "2.x"
    rc-util "^4.0.4"

rc-pagination@~1.17.7:
  version "1.17.8"
  resolved "http://registry.npm.taobao.org/rc-pagination/download/rc-pagination-1.17.8.tgz#65583bebe13fffe4de7f418e1a6c86374ceabceb"
  dependencies:
    babel-runtime "6.x"
    prop-types "^15.5.7"
    react-lifecycles-compat "^3.0.4"

rc-progress@~2.3.0:
  version "2.3.0"
  resolved "http://registry.npm.taobao.org/rc-progress/download/rc-progress-2.3.0.tgz#cfbd07ff9026c450100980de209a92650e24f313"
  dependencies:
    babel-runtime "6.x"
    prop-types "^15.5.8"

rc-rate@~2.5.0:
  version "2.5.0"
  resolved "http://registry.npm.taobao.org/rc-rate/download/rc-rate-2.5.0.tgz#72d4984a03d0a7a0e6779c7a79efcea27626abf6"
  dependencies:
    classnames "^2.2.5"
    prop-types "^15.5.8"
    rc-util "^4.3.0"
    react-lifecycles-compat "^3.0.4"

rc-select@^8.6.7:
  version "8.8.3"
  resolved "http://registry.npm.taobao.org/rc-select/download/rc-select-8.8.3.tgz#87ec0f3e119af1caac21a9489110669eef30c662"
  dependencies:
    babel-runtime "^6.23.0"
    classnames "2.x"
    component-classes "1.x"
    dom-scroll-into-view "1.x"
    prop-types "^15.5.8"
    raf "^3.4.0"
    rc-animate "2.x"
    rc-menu "^7.3.0"
    rc-trigger "^2.5.4"
    rc-util "^4.0.4"
    react-lifecycles-compat "^3.0.2"
    warning "^4.0.2"

rc-slider@~8.6.5:
  version "8.6.5"
  resolved "http://registry.npm.taobao.org/rc-slider/download/rc-slider-8.6.5.tgz#4bc90b8adfa6d46430a887f63cf70b88b43070a8"
  dependencies:
    babel-runtime "6.x"
    classnames "^2.2.5"
    prop-types "^15.5.4"
    rc-tooltip "^3.7.0"
    rc-util "^4.0.4"
    shallowequal "^1.0.1"
    warning "^3.0.0"

rc-steps@~3.3.0:
  version "3.3.1"
  resolved "http://registry.npm.taobao.org/rc-steps/download/rc-steps-3.3.1.tgz#4877e2897331e3bfdb6b789e88aea78f4f15f732"
  dependencies:
    babel-runtime "^6.23.0"
    classnames "^2.2.3"
    lodash "^4.17.5"
    prop-types "^15.5.7"

rc-switch@~1.9.0:
  version "1.9.0"
  resolved "http://registry.npm.taobao.org/rc-switch/download/rc-switch-1.9.0.tgz#ab2b878f2713c681358a453391976c9b95b290f7"
  dependencies:
    classnames "^2.2.1"
    prop-types "^15.5.6"
    react-lifecycles-compat "^3.0.4"

rc-table@~6.4.0:
  version "6.4.3"
  resolved "http://registry.npm.taobao.org/rc-table/download/rc-table-6.4.3.tgz#c84bdf3f45c123f40790e93a2a241b62f6b1e59f"
  dependencies:
    babel-runtime "6.x"
    classnames "^2.2.5"
    component-classes "^1.2.6"
    lodash "^4.17.5"
    mini-store "^2.0.0"
    prop-types "^15.5.8"
    rc-util "^4.0.4"
    react-lifecycles-compat "^3.0.2"
    shallowequal "^1.0.2"
    warning "^3.0.0"

rc-tabs@~9.6.0:
  version "9.6.0"
  resolved "http://registry.npm.taobao.org/rc-tabs/download/rc-tabs-9.6.0.tgz#b212a85f58384897b09f52dd3ee6701fff7fccd5"
  dependencies:
    babel-runtime "6.x"
    classnames "2.x"
    create-react-context "0.2.2"
    lodash "^4.17.5"
    prop-types "15.x"
    raf "^3.4.1"
    rc-hammerjs "~0.6.0"
    rc-util "^4.0.4"
    warning "^3.0.0"

rc-time-picker@~3.6.1:
  version "3.6.2"
  resolved "http://registry.npm.taobao.org/rc-time-picker/download/rc-time-picker-3.6.2.tgz#fd7133390353c6cd29ec09aa6c9711ab59228f1c"
  dependencies:
    classnames "2.x"
    moment "2.x"
    prop-types "^15.5.8"
    rc-trigger "^2.2.0"

rc-tooltip@^3.7.0, rc-tooltip@~3.7.3:
  version "3.7.3"
  resolved "http://registry.npm.taobao.org/rc-tooltip/download/rc-tooltip-3.7.3.tgz#280aec6afcaa44e8dff0480fbaff9e87fc00aecc"
  dependencies:
    babel-runtime "6.x"
    prop-types "^15.5.8"
    rc-trigger "^2.2.2"

rc-tree-select@~2.5.0:
  version "2.5.3"
  resolved "http://registry.npm.taobao.org/rc-tree-select/download/rc-tree-select-2.5.3.tgz#17bce4851c24e746bf9e2211c509be1aaccdcd54"
  dependencies:
    classnames "^2.2.1"
    prop-types "^15.5.8"
    raf "^3.4.0"
    rc-animate "^3.0.0-rc.4"
    rc-tree "~1.14.3"
    rc-trigger "^3.0.0-rc.2"
    rc-util "^4.5.0"
    react-lifecycles-compat "^3.0.4"
    shallowequal "^1.0.2"
    warning "^4.0.1"

rc-tree@~1.14.3, rc-tree@~1.14.6:
  version "1.14.9"
  resolved "http://registry.npm.taobao.org/rc-tree/download/rc-tree-1.14.9.tgz#a26634b401123471e187273dd2fd440de6b85958"
  dependencies:
    babel-runtime "^6.23.0"
    classnames "2.x"
    prop-types "^15.5.8"
    rc-animate "^3.0.0-rc.5"
    rc-util "^4.5.1"
    react-lifecycles-compat "^3.0.4"
    warning "^3.0.0"

rc-trigger@^2.2.0, rc-trigger@^2.2.2, rc-trigger@^2.3.0, rc-trigger@^2.5.1, rc-trigger@^2.5.4, rc-trigger@^2.6.2:
  version "2.6.2"
  resolved "http://registry.npm.taobao.org/rc-trigger/download/rc-trigger-2.6.2.tgz#a9c09ba5fad63af3b2ec46349c7db6cb46657001"
  dependencies:
    babel-runtime "6.x"
    classnames "^2.2.6"
    prop-types "15.x"
    rc-align "^2.4.0"
    rc-animate "2.x"
    rc-util "^4.4.0"

rc-trigger@^3.0.0-rc.2:
  version "3.0.0-rc.3"
  resolved "http://registry.npm.taobao.org/rc-trigger/download/rc-trigger-3.0.0-rc.3.tgz#35842df1674d25315e1426a44882a4c97652258b"
  dependencies:
    babel-runtime "6.x"
    classnames "^2.2.6"
    prop-types "15.x"
    raf "^3.4.0"
    rc-align "^2.4.1"
    rc-animate "^3.0.0-rc.1"
    rc-util "^4.4.0"

rc-upload@~2.6.0:
  version "2.6.1"
  resolved "http://registry.npm.taobao.org/rc-upload/download/rc-upload-2.6.1.tgz#bf1a81a294e53920c8451b5752f90208d3ae2247"
  dependencies:
    babel-runtime "6.x"
    classnames "^2.2.5"
    prop-types "^15.5.7"
    warning "2.x"

rc-util@^4.0.4, rc-util@^4.1.0, rc-util@^4.1.1, rc-util@^4.3.0, rc-util@^4.4.0, rc-util@^4.5.0, rc-util@^4.5.1:
  version "4.6.0"
  resolved "http://registry.npm.taobao.org/rc-util/download/rc-util-4.6.0.tgz#ba33721783192ec4f3afb259e182b04e55deb7f6"
  dependencies:
    add-dom-event-listener "^1.1.0"
    babel-runtime "6.x"
    prop-types "^15.5.10"
    shallowequal "^0.2.2"

react-dom@^16.8.1:
  version "16.8.1"
  resolved "http://registry.npm.taobao.org/react-dom/download/react-dom-16.8.1.tgz#ec860f98853d09d39bafd3a6f1e12389d283dbb4"
  dependencies:
    loose-envify "^1.1.0"
    object-assign "^4.1.1"
    prop-types "^15.6.2"
    scheduler "^0.13.1"

react-is@^16.7.0:
  version "16.8.1"
  resolved "http://registry.npm.taobao.org/react-is/download/react-is-16.8.1.tgz#a80141e246eb894824fb4f2901c0c50ef31d4cdb"

react-lazy-load@^3.0.13:
  version "3.0.13"
  resolved "http://registry.npm.taobao.org/react-lazy-load/download/react-lazy-load-3.0.13.tgz#3b0a92d336d43d3f0d73cbe6f35b17050b08b824"
  dependencies:
    eventlistener "0.0.1"
    lodash.debounce "^4.0.0"
    lodash.throttle "^4.0.0"
    prop-types "^15.5.8"

react-lifecycles-compat@^3.0.2, react-lifecycles-compat@^3.0.4:
  version "3.0.4"
  resolved "http://registry.npm.taobao.org/react-lifecycles-compat/download/react-lifecycles-compat-3.0.4.tgz#4f1a273afdfc8f3488a8c516bfda78f872352362"

react-slick@~0.23.2:
  version "0.23.2"
  resolved "http://registry.npm.taobao.org/react-slick/download/react-slick-0.23.2.tgz#8d8bdbc77a6678e8ad36f50c32578c7c0f1c54f6"
  dependencies:
    classnames "^2.2.5"
    enquire.js "^2.1.6"
    json2mq "^0.2.0"
    lodash.debounce "^4.0.8"
    prettier "^1.14.3"
    resize-observer-polyfill "^1.5.0"

react@^16.8.1:
  version "16.8.1"
  resolved "http://registry.npm.taobao.org/react/download/react-16.8.1.tgz#ae11831f6cb2a05d58603a976afc8a558e852c4a"
  dependencies:
    loose-envify "^1.1.0"
    object-assign "^4.1.1"
    prop-types "^15.6.2"
    scheduler "^0.13.1"

regenerator-runtime@^0.11.0:
  version "0.11.1"
  resolved "http://registry.npm.taobao.org/regenerator-runtime/download/regenerator-runtime-0.11.1.tgz#be05ad7f9bf7d22e056f9726cee5017fbf19e2e9"

resize-observer-polyfill@^1.5.0:
  version "1.5.1"
  resolved "http://registry.npm.taobao.org/resize-observer-polyfill/download/resize-observer-polyfill-1.5.1.tgz#0e9020dd3d21024458d4ebd27e23e40269810464"

rmc-feedback@^2.0.0:
  version "2.0.0"
  resolved "http://registry.npm.taobao.org/rmc-feedback/download/rmc-feedback-2.0.0.tgz#cbc6cb3ae63c7a635eef0e25e4fbaf5ac366eeaa"
  dependencies:
    babel-runtime "6.x"
    classnames "^2.2.5"

"safer-buffer@>= 2.1.2 < 3":
  version "2.1.2"
  resolved "http://registry.npm.taobao.org/safer-buffer/download/safer-buffer-2.1.2.tgz#44fa161b0187b9549dd84bb91802f9bd8385cd6a"

scheduler@^0.13.1:
  version "0.13.1"
  resolved "http://registry.npm.taobao.org/scheduler/download/scheduler-0.13.1.tgz#1a217df1bfaabaf4f1b92a9127d5d732d85a9591"
  dependencies:
    loose-envify "^1.1.0"
    object-assign "^4.1.1"

schema-utils@^0.4.0:
  version "0.4.7"
  resolved "http://registry.npm.taobao.org/schema-utils/download/schema-utils-0.4.7.tgz#ba74f597d2be2ea880131746ee17d0a093c68187"
  dependencies:
    ajv "^6.1.0"
    ajv-keywords "^3.1.0"

setimmediate@^1.0.5:
  version "1.0.5"
  resolved "http://registry.npm.taobao.org/setimmediate/download/setimmediate-1.0.5.tgz#290cbb232e306942d7d7ea9b83732ab7856f8285"

shallow-equal@^1.0.0:
  version "1.1.0"
  resolved "http://registry.npm.taobao.org/shallow-equal/download/shallow-equal-1.1.0.tgz#cc022f030dcba0d1c198abf658a3c6c744e171ca"

shallowequal@^0.2.2:
  version "0.2.2"
  resolved "http://registry.npm.taobao.org/shallowequal/download/shallowequal-0.2.2.tgz#1e32fd5bcab6ad688a4812cb0cc04efc75c7014e"
  dependencies:
    lodash.keys "^3.1.2"

shallowequal@^1.0.1, shallowequal@^1.0.2, shallowequal@^1.1.0:
  version "1.1.0"
  resolved "http://registry.npm.taobao.org/shallowequal/download/shallowequal-1.1.0.tgz#188d521de95b9087404fd4dcb68b13df0ae4e7f8"

source-map@^0.6.1:
  version "0.6.1"
  resolved "http://registry.npm.taobao.org/source-map/download/source-map-0.6.1.tgz#74722af32e9614e9c287a8d0bbde48b5e2f1a263"

source-map@^0.7.3:
  version "0.7.3"
  resolved "http://registry.npm.taobao.org/source-map/download/source-map-0.7.3.tgz#5302f8169031735226544092e64981f751750383"

string-convert@^0.2.0:
  version "0.2.1"
  resolved "http://registry.npm.taobao.org/string-convert/download/string-convert-0.2.1.tgz#6982cc3049fbb4cd85f8b24568b9d9bf39eeff97"

supports-color@^5.3.0:
  version "5.5.0"
  resolved "http://registry.npm.taobao.org/supports-color/download/supports-color-5.5.0.tgz#e2e69a44ac8772f78a1ec0b35b689df6530efc8f"
  dependencies:
    has-flag "^3.0.0"

supports-color@^6.1.0:
  version "6.1.0"
  resolved "http://registry.npm.taobao.org/supports-color/download/supports-color-6.1.0.tgz#0764abc69c63d5ac842dd4867e8d025e880df8f3"
  dependencies:
    has-flag "^3.0.0"

tinycolor2@^1.4.1:
  version "1.4.1"
  resolved "http://registry.npm.taobao.org/tinycolor2/download/tinycolor2-1.4.1.tgz#f4fad333447bc0b07d4dc8e9209d8f39a8ac77e8"

ua-parser-js@^0.7.18:
  version "0.7.19"
  resolved "http://registry.npm.taobao.org/ua-parser-js/download/ua-parser-js-0.7.19.tgz#94151be4c0a7fb1d001af7022fdaca4642659e4b"

uri-js@^4.2.2:
  version "4.2.2"
  resolved "http://registry.npm.taobao.org/uri-js/download/uri-js-4.2.2.tgz#94c540e1ff772956e2299507c010aea6c8838eb0"
  dependencies:
    punycode "^2.1.0"

warning@2.x:
  version "2.1.0"
  resolved "http://registry.npm.taobao.org/warning/download/warning-2.1.0.tgz#21220d9c63afc77a8c92111e011af705ce0c6901"
  dependencies:
    loose-envify "^1.0.0"

warning@^3.0.0:
  version "3.0.0"
  resolved "http://registry.npm.taobao.org/warning/download/warning-3.0.0.tgz#32e5377cb572de4ab04753bdf8821c01ed605b7c"
  dependencies:
    loose-envify "^1.0.0"

warning@^4.0.1, warning@^4.0.2, warning@~4.0.2:
  version "4.0.2"
  resolved "http://registry.npm.taobao.org/warning/download/warning-4.0.2.tgz#aa6876480872116fa3e11d434b0d0d8d91e44607"
  dependencies:
    loose-envify "^1.0.0"

whatwg-fetch@>=0.10.0:
  version "3.0.0"
  resolved "http://registry.npm.taobao.org/whatwg-fetch/download/whatwg-fetch-3.0.0.tgz#fc804e458cc460009b1a2b966bc8817d2578aefb"

worker-loader@^2.0.0:
  version "2.0.0"
  resolved "http://registry.npm.taobao.org/worker-loader/download/worker-loader-2.0.0.tgz#45fda3ef76aca815771a89107399ee4119b430ac"
  dependencies:
    loader-utils "^1.0.0"
    schema-utils "^0.4.0"
